
Microsoft Visual Studio Solution File, Format Version 12.00
# Visual Studio 15
VisualStudioVersion = 15.0.28218.60
MinimumVisualStudioVersion = 10.0.40219.1
Project("{FAE04EC0-301F-11D3-BF4B-00C04F79EFBC}") = "Ages", "Ages\Ages.csproj", "{6B321D25-1913-4572-AC5C-042087E9B934}"
EndProject
Project("{FAE04EC0-301F-11D3-BF4B-00C04F79EFBC}") = "Division", "Division\Division.csproj", "{814781DE-C5E6-4C2B-A2E4-CF0CCC9C2355}"
EndProject
Project("{FAE04EC0-301F-11D3-BF4B-00C04F79EFBC}") = "Vacation", "Vacation\Vacation.csproj", "{21050D10-4BE7-427A-81A9-C8D16A32FD14}"
EndProject
Project("{FAE04EC0-301F-11D3-BF4B-00C04F79EFBC}") = "Print and Sum", "Print and Sum\Print and Sum.csproj", "{FE8C13C5-2BF0-4A65-A04A-BD0989FF9BFB}"
EndProject
Project("{FAE04EC0-301F-11D3-BF4B-00C04F79EFBC}") = "Login", "Login\Login.csproj", "{8142793C-01DD-4593-9D9A-E25E47ED0015}"
EndProject
Project("{FAE04EC0-301F-11D3-BF4B-00C04F79EFBC}") = "Strong Number", "Strong Number\Strong Number.csproj", "{3542809B-A40E-428B-AC96-0A4371218C80}"
EndProject
Project("{FAE04EC0-301F-11D3-BF4B-00C04F79EFBC}") = "Vending Machine", "Vending Machine\Vending Machine.csproj", "{8CFD8579-6A6E-4071-96D3-60E82C589A35}"
EndProject
Project("{FAE04EC0-301F-11D3-BF4B-00C04F79EFBC}") = "Triangle of Numbers", "Triangle of Numbers\Triangle of Numbers.csproj", "{843963FA-9C07-4EE6-B406-7AEEC10493B9}"
EndProject
Project("{FAE04EC0-301F-11D3-BF4B-00C04F79EFBC}") = "Padawan Equipment", "Padawan Equipment\Padawan Equipment.csproj", "{DCF3231C-AAA6-4021-AABE-92519AE1478E}"
EndProject
Project("{FAE04EC0-301F-11D3-BF4B-00C04F79EFBC}") = "Rage Expenses", "Rage Expenses\Rage Expenses.csproj", "{9095BECB-794D-49D2-9F35-AE26A51C17E4}"
EndProject
Global
	GlobalSection(SolutionConfigurationPlatforms) = preSolution
		Debug|Any CPU = Debug|Any CPU
		Release|Any CPU = Release|Any CPU
	EndGlobalSection
	GlobalSection(ProjectConfigurationPlatforms) = postSolution
		{6B321D25-1913-4572-AC5C-042087E9B934}.Debug|Any CPU.ActiveCfg = Debug|Any CPU
		{6B321D25-1913-4572-AC5C-042087E9B934}.Debug|Any CPU.Build.0 = Debug|Any CPU
		{6B321D25-1913-4572-AC5C-042087E9B934}.Release|Any CPU.ActiveCfg = Release|Any CPU
		{6B321D25-1913-4572-AC5C-042087E9B934}.Release|Any CPU.Build.0 = Release|Any CPU
		{814781DE-C5E6-4C2B-A2E4-CF0CCC9C2355}.Debug|Any CPU.ActiveCfg = Debug|Any CPU
		{814781DE-C5E6-4C2B-A2E4-CF0CCC9C2355}.Debug|Any CPU.Build.0 = Debug|Any CPU
		{814781DE-C5E6-4C2B-A2E4-CF0CCC9C2355}.Release|Any CPU.ActiveCfg = Release|Any CPU
		{814781DE-C5E6-4C2B-A2E4-CF0CCC9C2355}.Release|Any CPU.Build.0 = Release|Any CPU
		{21050D10-4BE7-427A-81A9-C8D16A32FD14}.Debug|Any CPU.ActiveCfg = Debug|Any CPU
		{21050D10-4BE7-427A-81A9-C8D16A32FD14}.Debug|Any CPU.Build.0 = Debug|Any CPU
		{21050D10-4BE7-427A-81A9-C8D16A32FD14}.Release|Any CPU.ActiveCfg = Release|Any CPU
		{21050D10-4BE7-427A-81A9-C8D16A32FD14}.Release|Any CPU.Build.0 = Release|Any CPU
		{FE8C13C5-2BF0-4A65-A04A-BD0989FF9BFB}.Debug|Any CPU.ActiveCfg = Debug|Any CPU
		{FE8C13C5-2BF0-4A65-A04A-BD0989FF9BFB}.Debug|Any CPU.Build.0 = Debug|Any CPU
		{FE8C13C5-2BF0-4A65-A04A-BD0989FF9BFB}.Release|Any CPU.ActiveCfg = Release|Any CPU
		{FE8C13C5-2BF0-4A65-A04A-BD0989FF9BFB}.Release|Any CPU.Build.0 = Release|Any CPU
		{8142793C-01DD-4593-9D9A-E25E47ED0015}.Debug|Any CPU.ActiveCfg = Debug|Any CPU
		{8142793C-01DD-4593-9D9A-E25E47ED0015}.Debug|Any CPU.Build.0 = Debug|Any CPU
		{8142793C-01DD-4593-9D9A-E25E47ED0015}.Release|Any CPU.ActiveCfg = Release|Any CPU
		{8142793C-01DD-4593-9D9A-E25E47ED0015}.Release|Any CPU.Build.0 = Release|Any CPU
		{3542809B-A40E-428B-AC96-0A4371218C80}.Debug|Any CPU.ActiveCfg = Debug|Any CPU
		{3542809B-A40E-428B-AC96-0A4371218C80}.Debug|Any CPU.Build.0 = Debug|Any CPU
		{3542809B-A40E-428B-AC96-0A4371218C80}.Release|Any CPU.ActiveCfg = Release|Any CPU
		{3542809B-A40E-428B-AC96-0A4371218C80}.Release|Any CPU.Build.0 = Release|Any CPU
		{8CFD8579-6A6E-4071-96D3-60E82C589A35}.Debug|Any CPU.ActiveCfg = Debug|Any CPU
		{8CFD8579-6A6E-4071-96D3-60E82C589A35}.Debug|Any CPU.Build.0 = Debug|Any CPU
		{8CFD8579-6A6E-4071-96D3-60E82C589A35}.Release|Any CPU.ActiveCfg = Release|Any CPU
		{8CFD8579-6A6E-4071-96D3-60E82C589A35}.Release|Any CPU.Build.0 = Release|Any CPU
		{843963FA-9C07-4EE6-B406-7AEEC10493B9}.Debug|Any CPU.ActiveCfg = Debug|Any CPU
		{843963FA-9C07-4EE6-B406-7AEEC10493B9}.Debug|Any CPU.Build.0 = Debug|Any CPU
		{843963FA-9C07-4EE6-B406-7AEEC10493B9}.Release|Any CPU.ActiveCfg = Release|Any CPU
		{843963FA-9C07-4EE6-B406-7AEEC10493B9}.Release|Any CPU.Build.0 = Release|Any CPU
		{DCF3231C-AAA6-4021-AABE-92519AE1478E}.Debug|Any CPU.ActiveCfg = Debug|Any CPU
		{DCF3231C-AAA6-4021-AABE-92519AE1478E}.Debug|Any CPU.Build.0 = Debug|Any CPU
		{DCF3231C-AAA6-4021-AABE-92519AE1478E}.Release|Any CPU.ActiveCfg = Release|Any CPU
		{DCF3231C-AAA6-4021-AABE-92519AE1478E}.Release|Any CPU.Build.0 = Release|Any CPU
		{9095BECB-794D-49D2-9F35-AE26A51C17E4}.Debug|Any CPU.ActiveCfg = Debug|Any CPU
		{9095BECB-794D-49D2-9F35-AE26A51C17E4}.Debug|Any CPU.Build.0 = Debug|Any CPU
		{9095BECB-794D-49D2-9F35-AE26A51C17E4}.Release|Any CPU.ActiveCfg = Release|Any CPU
		{9095BECB-794D-49D2-9F35-AE26A51C17E4}.Release|Any CPU.Build.0 = Release|Any CPU
	EndGlobalSection
	GlobalSection(SolutionProperties) = preSolution
		HideSolutionNode = FALSE
	EndGlobalSection
	GlobalSection(ExtensibilityGlobals) = postSolution
		SolutionGuid = {A951A17B-AF58-482C-9E0E-FE74A5060B04}
	EndGlobalSection
EndGlobal
